
Microsoft Visual Studio Solution File, Format Version 12.00
# Visual Studio 15
VisualStudioVersion = 15.0.27130.2003
MinimumVisualStudioVersion = 10.0.40219.1
Project("{9A19103F-16F7-4668-BE54-9A1E7A4F7556}") = "lab1a", "lab1a\lab1a.csproj", "{6A033711-B78F-4583-AE1F-BF4CF7520390}"
EndProject
Global
	GlobalSection(SolutionConfigurationPlatforms) = preSolution
		Debug|Any CPU = Debug|Any CPU
		Release|Any CPU = Release|Any CPU
	EndGlobalSection
	GlobalSection(ProjectConfigurationPlatforms) = postSolution
		{6A033711-B78F-4583-AE1F-BF4CF7520390}.Debug|Any CPU.ActiveCfg = Debug|Any CPU
		{6A033711-B78F-4583-AE1F-BF4CF7520390}.Debug|Any CPU.Build.0 = Debug|Any CPU
		{6A033711-B78F-4583-AE1F-BF4CF7520390}.Release|Any CPU.ActiveCfg = Release|Any CPU
		{6A033711-B78F-4583-AE1F-BF4CF7520390}.Release|Any CPU.Build.0 = Release|Any CPU
	EndGlobalSection
	GlobalSection(SolutionProperties) = preSolution
		HideSolutionNode = FALSE
	EndGlobalSection
	GlobalSection(ExtensibilityGlobals) = postSolution
		SolutionGuid = {35A880DF-3951-40B1-BFC2-907BDCF974EB}
	EndGlobalSection
EndGlobal
